
Microsoft Visual Studio Solution File, Format Version 12.00
# Visual Studio Version 16
VisualStudioVersion = 16.0.29424.173
MinimumVisualStudioVersion = 10.0.40219.1
Project("{9A19103F-16F7-4668-BE54-9A1E7A4F7556}") = "EpicReader", "EpicReader\EpicReader.csproj", "{F27AC2B8-0C2D-4D8D-9080-9087FB636E04}"
EndProject
Project("{FAE04EC0-301F-11D3-BF4B-00C04F79EFBC}") = "EpicReader.Tests", "EpicReader.Tests\EpicReader.Tests.csproj", "{95395F28-179F-48C9-8CF4-842B8B3D587B}"
EndProject
Global
	GlobalSection(SolutionConfigurationPlatforms) = preSolution
		Debug|Any CPU = Debug|Any CPU
		Release|Any CPU = Release|Any CPU
	EndGlobalSection
	GlobalSection(ProjectConfigurationPlatforms) = postSolution
		{F27AC2B8-0C2D-4D8D-9080-9087FB636E04}.Debug|Any CPU.ActiveCfg = Debug|Any CPU
		{F27AC2B8-0C2D-4D8D-9080-9087FB636E04}.Debug|Any CPU.Build.0 = Debug|Any CPU
		{F27AC2B8-0C2D-4D8D-9080-9087FB636E04}.Release|Any CPU.ActiveCfg = Release|Any CPU
		{F27AC2B8-0C2D-4D8D-9080-9087FB636E04}.Release|Any CPU.Build.0 = Release|Any CPU
		{95395F28-179F-48C9-8CF4-842B8B3D587B}.Debug|Any CPU.ActiveCfg = Debug|Any CPU
		{95395F28-179F-48C9-8CF4-842B8B3D587B}.Debug|Any CPU.Build.0 = Debug|Any CPU
		{95395F28-179F-48C9-8CF4-842B8B3D587B}.Release|Any CPU.ActiveCfg = Release|Any CPU
		{95395F28-179F-48C9-8CF4-842B8B3D587B}.Release|Any CPU.Build.0 = Release|Any CPU
	EndGlobalSection
	GlobalSection(SolutionProperties) = preSolution
		HideSolutionNode = FALSE
	EndGlobalSection
	GlobalSection(ExtensibilityGlobals) = postSolution
		SolutionGuid = {C38BA628-7A0D-4E79-80AA-332918A603A6}
	EndGlobalSection
EndGlobal
